// !$*UTF8*$!
{
	archiveVersion = 1;
	classes = {
	};
	objectVersion = 46;
	objects = {

/* Begin PBXBuildFile section */
		00E356F31AD99517003FC87E /* LaundryAppTests.m in Sources */ = {isa = PBXBuildFile; fileRef = 00E356F21AD99517003FC87E /* LaundryAppTests.m */; };
		13B07FBC1A68108700A75B9A /* AppDelegate.m in Sources */ = {isa = PBXBuildFile; fileRef = 13B07FB01A68108700A75B9A /* AppDelegate.m */; };
		13B07FBD1A68108700A75B9A /* LaunchScreen.xib in Resources */ = {isa = PBXBuildFile; fileRef = 13B07FB11A68108700A75B9A /* LaunchScreen.xib */; };
		13B07FBF1A68108700A75B9A /* Images.xcassets in Resources */ = {isa = PBXBuildFile; fileRef = 13B07FB51A68108700A75B9A /* Images.xcassets */; };
		13B07FC11A68108700A75B9A /* main.m in Sources */ = {isa = PBXBuildFile; fileRef = 13B07FB71A68108700A75B9A /* main.m */; };
		2D02E4BC1E0B4A80006451C7 /* AppDelegate.m in Sources */ = {isa = PBXBuildFile; fileRef = 13B07FB01A68108700A75B9A /* AppDelegate.m */; };
		2D02E4BD1E0B4A84006451C7 /* Images.xcassets in Resources */ = {isa = PBXBuildFile; fileRef = 13B07FB51A68108700A75B9A /* Images.xcassets */; };
		2D02E4BF1E0B4AB3006451C7 /* main.m in Sources */ = {isa = PBXBuildFile; fileRef = 13B07FB71A68108700A75B9A /* main.m */; };
		2DCD954D1E0B4F2C00145EB5 /* LaundryAppTests.m in Sources */ = {isa = PBXBuildFile; fileRef = 00E356F21AD99517003FC87E /* LaundryAppTests.m */; };
		6B76BF92CE0B46B18345F53A /* Segoe UI Bold Italic.woff in Resources */ = {isa = PBXBuildFile; fileRef = 26FED2A6033C403F927C2C4C /* Segoe UI Bold Italic.woff */; };
		E469BEAEF6D444018D506C30 /* Segoe UI Bold.woff in Resources */ = {isa = PBXBuildFile; fileRef = 86A5B442B2A04E27AFEB282E /* Segoe UI Bold.woff */; };
		782CDAD9612D405CB0D4A26A /* Segoe UI Italic.woff in Resources */ = {isa = PBXBuildFile; fileRef = 2E7F679EC2F643A49CF32C81 /* Segoe UI Italic.woff */; };
		BED924BA1414404B9AC98B97 /* Segoe UI.woff in Resources */ = {isa = PBXBuildFile; fileRef = 717FD4D1B46A4216AE20AD36 /* Segoe UI.woff */; };
		E87C68E990E54E42AC8C3CD1 /* Raleway-Black.ttf in Resources */ = {isa = PBXBuildFile; fileRef = 60AE89C013E64634AC3C7A5F /* Raleway-Black.ttf */; };
		85192730C0A740B7B44D3FD4 /* Raleway-BlackItalic.ttf in Resources */ = {isa = PBXBuildFile; fileRef = CD4F154429FB4085BE411FB0 /* Raleway-BlackItalic.ttf */; };
		0795962A9DB2441FB4476163 /* Raleway-Bold.ttf in Resources */ = {isa = PBXBuildFile; fileRef = EBD958C7FAC7448CB21B2E35 /* Raleway-Bold.ttf */; };
		88A2AFFDF2DF46BCA0BBED82 /* Raleway-BoldItalic.ttf in Resources */ = {isa = PBXBuildFile; fileRef = 4E49219A5A61464D900EADF0 /* Raleway-BoldItalic.ttf */; };
		BA6A0FE6506843AA97DE3234 /* Raleway-ExtraBold.ttf in Resources */ = {isa = PBXBuildFile; fileRef = 4C235C7CCDDB49FE9A4D5483 /* Raleway-ExtraBold.ttf */; };
		165AE3356DEB45ACB80BDD04 /* Raleway-ExtraBoldItalic.ttf in Resources */ = {isa = PBXBuildFile; fileRef = 1F09D9451B554F3195F6E95F /* Raleway-ExtraBoldItalic.ttf */; };
		AFB0E9BC58AE48C6BA8BB0D0 /* Raleway-ExtraLight.ttf in Resources */ = {isa = PBXBuildFile; fileRef = 60A75A1663954BFC80777993 /* Raleway-ExtraLight.ttf */; };
		98AF9C79321041CBA758E3FD /* Raleway-ExtraLightItalic.ttf in Resources */ = {isa = PBXBuildFile; fileRef = 5A8B2B97EA1B4B2BACDA6FC6 /* Raleway-ExtraLightItalic.ttf */; };
		180E7B16F6B04C2BAE1DEEDD /* Raleway-Italic.ttf in Resources */ = {isa = PBXBuildFile; fileRef = 6E51CE7AB4D3477AADA48AFE /* Raleway-Italic.ttf */; };
		6CF6A9CA9F274B4EB4E99A38 /* Raleway-Light.ttf in Resources */ = {isa = PBXBuildFile; fileRef = 09FB2FE20E2A4BECB5943BCF /* Raleway-Light.ttf */; };
		DAFF01BD53C44A3F9C485727 /* Raleway-LightItalic.ttf in Resources */ = {isa = PBXBuildFile; fileRef = 26674D331C3D478DB19B5FF6 /* Raleway-LightItalic.ttf */; };
		48E42F9A60F6401497DC6E64 /* Raleway-Medium.ttf in Resources */ = {isa = PBXBuildFile; fileRef = B7D2F05467264F5C8E681751 /* Raleway-Medium.ttf */; };
		DDFF81DE22204DA1BD1DD75F /* Raleway-MediumItalic.ttf in Resources */ = {isa = PBXBuildFile; fileRef = 73F21EE7D7D3421DB5D9B19C /* Raleway-MediumItalic.ttf */; };
		4C4B467A74434D6FABABD5E0 /* Raleway-Regular.ttf in Resources */ = {isa = PBXBuildFile; fileRef = 5AB958636DEF422A8707AF98 /* Raleway-Regular.ttf */; };
		BD6E7C13B8674F7F95C5C125 /* Raleway-SemiBold.ttf in Resources */ = {isa = PBXBuildFile; fileRef = 91EBFDCD62584F14B09750F2 /* Raleway-SemiBold.ttf */; };
		0F3DC38B96AB4E84BAE144C4 /* Raleway-SemiBoldItalic.ttf in Resources */ = {isa = PBXBuildFile; fileRef = BB874E31DF0A4BE4885AC120 /* Raleway-SemiBoldItalic.ttf */; };
		131DF8A54BC04696B711BA56 /* Raleway-Thin.ttf in Resources */ = {isa = PBXBuildFile; fileRef = 0B09B312842542D6849BFEE0 /* Raleway-Thin.ttf */; };
		C066EB151E8A43D3825AD32E /* Raleway-ThinItalic.ttf in Resources */ = {isa = PBXBuildFile; fileRef = 48F0C78E8B8B47E59A0C5430 /* Raleway-ThinItalic.ttf */; };
		76FEE73976C24B4FA3ED8521 /* Segoe UI Bold Italic.ttf in Resources */ = {isa = PBXBuildFile; fileRef = FB282F05C64647D0A65B9D8C /* Segoe UI Bold Italic.ttf */; };
		EF3AF3F130804CFBB5830071 /* Segoe UI Bold.ttf in Resources */ = {isa = PBXBuildFile; fileRef = 75E4769F478A4A43837F5CDB /* Segoe UI Bold.ttf */; };
		ED66366FCCCC42599C612493 /* Segoe UI Italic.ttf in Resources */ = {isa = PBXBuildFile; fileRef = BF9556A1BCE548B0835E9FA4 /* Segoe UI Italic.ttf */; };
		56B135497F5C4EC5995DA57F /* Segoe UI.ttf in Resources */ = {isa = PBXBuildFile; fileRef = D5049606B77B4468A30E8736 /* Segoe UI.ttf */; };
		24BC6684DB22403EB7356A7A /* segoe-ui.ttf in Resources */ = {isa = PBXBuildFile; fileRef = 7CC3B648931A4665A47F2F63 /* segoe-ui.ttf */; };
		119F808C68D04857A7188AED /* seguisb.ttf in Resources */ = {isa = PBXBuildFile; fileRef = 7954CD4A12D94357BF8600A1 /* seguisb.ttf */; };
		2A66E3899907480E892182EF /* AntDesign.ttf in Resources */ = {isa = PBXBuildFile; fileRef = 19D62DE6C9A543D795A5D565 /* AntDesign.ttf */; };
		FDAB252686F34DDF98525482 /* Entypo.ttf in Resources */ = {isa = PBXBuildFile; fileRef = 773A2E71B8A34B7BA9CA17A9 /* Entypo.ttf */; };
		6E9501BCBB784854853C2280 /* EvilIcons.ttf in Resources */ = {isa = PBXBuildFile; fileRef = 649674FBA46C4CA09C45925A /* EvilIcons.ttf */; };
		29DA800577BE4A898BEB884C /* Feather.ttf in Resources */ = {isa = PBXBuildFile; fileRef = 5457A758487F411C9A1E610D /* Feather.ttf */; };
		109A59B14EA541F0AB740D16 /* FontAwesome.ttf in Resources */ = {isa = PBXBuildFile; fileRef = 66EBE66DE57344EB890A96B2 /* FontAwesome.ttf */; };
		BA21844816FC4B5A9838316C /* FontAwesome5_Brands.ttf in Resources */ = {isa = PBXBuildFile; fileRef = A2BF2922213341F28EB8622C /* FontAwesome5_Brands.ttf */; };
		1F7C1D05AF7B478BBE8B3E7C /* FontAwesome5_Regular.ttf in Resources */ = {isa = PBXBuildFile; fileRef = 14C0CE5ECF6F4D1BB3C3A89B /* FontAwesome5_Regular.ttf */; };
		6F356141592F4C2F9B612D84 /* FontAwesome5_Solid.ttf in Resources */ = {isa = PBXBuildFile; fileRef = 1C40E9AB21574AE58686F668 /* FontAwesome5_Solid.ttf */; };
		0129412FD2694856A215ADD3 /* Fontisto.ttf in Resources */ = {isa = PBXBuildFile; fileRef = 52C864C2291E4B569C188A05 /* Fontisto.ttf */; };
		5C6A3797F3E0460AB64800A8 /* Foundation.ttf in Resources */ = {isa = PBXBuildFile; fileRef = C0B150941CBA468A8040AA99 /* Foundation.ttf */; };
		C8A92D0656064D37BFA4BDDE /* Ionicons.ttf in Resources */ = {isa = PBXBuildFile; fileRef = 02C0328B32D24929B95A98EA /* Ionicons.ttf */; };
		69CD147F10F542CAA6AA58BE /* MaterialCommunityIcons.ttf in Resources */ = {isa = PBXBuildFile; fileRef = 9A21F07AB1B14890AAD4E50F /* MaterialCommunityIcons.ttf */; };
		899DF9BB024F488FBE4C8286 /* MaterialIcons.ttf in Resources */ = {isa = PBXBuildFile; fileRef = 1DF19B7D2197423693A1201B /* MaterialIcons.ttf */; };
		98AB2BA40D314FB794ED4375 /* Octicons.ttf in Resources */ = {isa = PBXBuildFile; fileRef = 8EF3668CC4AB48A298E8FB43 /* Octicons.ttf */; };
		68DED87E150748C488A1376F /* SimpleLineIcons.ttf in Resources */ = {isa = PBXBuildFile; fileRef = 3E502CE6C099401BB04ADC04 /* SimpleLineIcons.ttf */; };
		07EDFA5AC1B94BEBB92953D6 /* Zocial.ttf in Resources */ = {isa = PBXBuildFile; fileRef = FC3A1265E96B46F89DB19F6E /* Zocial.ttf */; };
		FAC97C096DB3471B8C710832 /* apron.svg in Resources */ = {isa = PBXBuildFile; fileRef = 4B48B48156B848E1AD1FEA90 /* apron.svg */; };
		DD1628C6BAEA4D96BD09C093 /* baby-boy.svg in Resources */ = {isa = PBXBuildFile; fileRef = 3FB85A3C6F4544008D26149E /* baby-boy.svg */; };
		CADAB6657AB649AEA88C52E6 /* bed.svg in Resources */ = {isa = PBXBuildFile; fileRef = BF80DC01B4A34293A2493620 /* bed.svg */; };
		83D43FBC007645C297C348FB /* box-1.svg in Resources */ = {isa = PBXBuildFile; fileRef = F26AA5ABFB584E9B84A51F72 /* box-1.svg */; };
		B68B8605D1BE460DA5ACF3E9 /* credit-card-1.svg in Resources */ = {isa = PBXBuildFile; fileRef = 547B12D1A9EE4F759984D45C /* credit-card-1.svg */; };
		723600D9A4A344159C91BB4C /* credit-card.svg in Resources */ = {isa = PBXBuildFile; fileRef = AA61C5CA2C854494AA8C5921 /* credit-card.svg */; };
		B6B4FDDA73CD45AAB9687418 /* digital-wallet.svg in Resources */ = {isa = PBXBuildFile; fileRef = 03A1D645CA084B2BAAE54306 /* digital-wallet.svg */; };
		C003FDB3AA064F4EA44B9138 /* dry-cleaning.svg in Resources */ = {isa = PBXBuildFile; fileRef = 8607D5A04F9646EA9EC7869A /* dry-cleaning.svg */; };
		C91598ACF87D49F798D7A65A /* home.svg in Resources */ = {isa = PBXBuildFile; fileRef = 493F506E35B649EF9632CCF9 /* home.svg */; };
		29BB25AE760C42BF843CEC47 /* house.svg in Resources */ = {isa = PBXBuildFile; fileRef = D71361F85D4A4DA7B2972FA9 /* house.svg */; };
		19B9707DF5544F43BEAFA28A /* iron.svg in Resources */ = {isa = PBXBuildFile; fileRef = 092E42C244AA45DCA95084CD /* iron.svg */; };
		96731F17A5A84CF692F0040C /* logo.png in Resources */ = {isa = PBXBuildFile; fileRef = 433452BFA219452DBA956E3E /* logo.png */; };
		12280AB010C1492A9EE6C58F /* man.svg in Resources */ = {isa = PBXBuildFile; fileRef = 03913B1A6C5C4B9C84D8D042 /* man.svg */; };
		21ECBBAD45074E2DA34CC622 /* office-block.svg in Resources */ = {isa = PBXBuildFile; fileRef = 6ABA8E81671B4C83A28AD3EA /* office-block.svg */; };
		5D6C6BCB310140F584160AE5 /* pillow.svg in Resources */ = {isa = PBXBuildFile; fileRef = ADB532E0B8DA4B7F93B0367B /* pillow.svg */; };
		F91CF2162B5848C093A58308 /* route.svg in Resources */ = {isa = PBXBuildFile; fileRef = 2960B776E16A49F5A579F6D3 /* route.svg */; };
		4176D133E7594AB1987286E5 /* snazzy-image.png in Resources */ = {isa = PBXBuildFile; fileRef = F4A5E66214C24114995C3BB9 /* snazzy-image.png */; };
		50B16ECD6DB5444B902C2626 /* stage.svg in Resources */ = {isa = PBXBuildFile; fileRef = D8BF8D10A2764DA7BED69641 /* stage.svg */; };
		4CB3B10313DE489187E8611B /* towel.svg in Resources */ = {isa = PBXBuildFile; fileRef = 36E113AB56754052A7104136 /* towel.svg */; };
		9D621461470A4FA1BD751610 /* washing-machine.svg in Resources */ = {isa = PBXBuildFile; fileRef = 585922DE34BD432EA3B280CD /* washing-machine.svg */; };
		66C0E7ADB7F24EF3AC2C7219 /* woman.svg in Resources */ = {isa = PBXBuildFile; fileRef = 613D139AE7D7422EA208B272 /* woman.svg */; };
/* End PBXBuildFile section */

/* Begin PBXContainerItemProxy section */
		00E356F41AD99517003FC87E /* PBXContainerItemProxy */ = {
			isa = PBXContainerItemProxy;
			containerPortal = 83CBB9F71A601CBA00E9B192 /* Project object */;
			proxyType = 1;
			remoteGlobalIDString = 13B07F861A680F5B00A75B9A;
			remoteInfo = LaundryApp;
		};
		2D02E4911E0B4A5D006451C7 /* PBXContainerItemProxy */ = {
			isa = PBXContainerItemProxy;
			containerPortal = 83CBB9F71A601CBA00E9B192 /* Project object */;
			proxyType = 1;
			remoteGlobalIDString = 2D02E47A1E0B4A5D006451C7;
			remoteInfo = "LaundryApp-tvOS";
		};
/* End PBXContainerItemProxy section */

/* Begin PBXFileReference section */
		008F07F21AC5B25A0029DE68 /* main.jsbundle */ = {isa = PBXFileReference; fileEncoding = 4; lastKnownFileType = text; path = main.jsbundle; sourceTree = "<group>"; };
		00E356EE1AD99517003FC87E /* LaundryAppTests.xctest */ = {isa = PBXFileReference; explicitFileType = wrapper.cfbundle; includeInIndex = 0; path = LaundryAppTests.xctest; sourceTree = BUILT_PRODUCTS_DIR; };
		00E356F11AD99517003FC87E /* Info.plist */ = {isa = PBXFileReference; lastKnownFileType = text.plist.xml; path = Info.plist; sourceTree = "<group>"; };
		00E356F21AD99517003FC87E /* LaundryAppTests.m */ = {isa = PBXFileReference; lastKnownFileType = sourcecode.c.objc; path = LaundryAppTests.m; sourceTree = "<group>"; };
		13B07F961A680F5B00A75B9A /* LaundryApp.app */ = {isa = PBXFileReference; explicitFileType = wrapper.application; includeInIndex = 0; path = LaundryApp.app; sourceTree = BUILT_PRODUCTS_DIR; };
		13B07FAF1A68108700A75B9A /* AppDelegate.h */ = {isa = PBXFileReference; fileEncoding = 4; lastKnownFileType = sourcecode.c.h; name = AppDelegate.h; path = LaundryApp/AppDelegate.h; sourceTree = "<group>"; };
		13B07FB01A68108700A75B9A /* AppDelegate.m */ = {isa = PBXFileReference; fileEncoding = 4; lastKnownFileType = sourcecode.c.objc; name = AppDelegate.m; path = LaundryApp/AppDelegate.m; sourceTree = "<group>"; };
		13B07FB21A68108700A75B9A /* Base */ = {isa = PBXFileReference; lastKnownFileType = file.xib; name = Base; path = Base.lproj/LaunchScreen.xib; sourceTree = "<group>"; };
		13B07FB51A68108700A75B9A /* Images.xcassets */ = {isa = PBXFileReference; lastKnownFileType = folder.assetcatalog; name = Images.xcassets; path = LaundryApp/Images.xcassets; sourceTree = "<group>"; };
		13B07FB61A68108700A75B9A /* Info.plist */ = {isa = PBXFileReference; fileEncoding = 4; lastKnownFileType = text.plist.xml; name = Info.plist; path = LaundryApp/Info.plist; sourceTree = "<group>"; };
		13B07FB71A68108700A75B9A /* main.m */ = {isa = PBXFileReference; fileEncoding = 4; lastKnownFileType = sourcecode.c.objc; name = main.m; path = LaundryApp/main.m; sourceTree = "<group>"; };
		2D02E47B1E0B4A5D006451C7 /* LaundryApp-tvOS.app */ = {isa = PBXFileReference; explicitFileType = wrapper.application; includeInIndex = 0; path = "LaundryApp-tvOS.app"; sourceTree = BUILT_PRODUCTS_DIR; };
		2D02E4901E0B4A5D006451C7 /* LaundryApp-tvOSTests.xctest */ = {isa = PBXFileReference; explicitFileType = wrapper.cfbundle; includeInIndex = 0; path = "LaundryApp-tvOSTests.xctest"; sourceTree = BUILT_PRODUCTS_DIR; };
		ED297162215061F000B7C4FE /* JavaScriptCore.framework */ = {isa = PBXFileReference; lastKnownFileType = wrapper.framework; name = JavaScriptCore.framework; path = System/Library/Frameworks/JavaScriptCore.framework; sourceTree = SDKROOT; };
		ED2971642150620600B7C4FE /* JavaScriptCore.framework */ = {isa = PBXFileReference; lastKnownFileType = wrapper.framework; name = JavaScriptCore.framework; path = Platforms/AppleTVOS.platform/Developer/SDKs/AppleTVOS12.0.sdk/System/Library/Frameworks/JavaScriptCore.framework; sourceTree = DEVELOPER_DIR; };
		26FED2A6033C403F927C2C4C /* Segoe UI Bold Italic.woff */ = {isa = PBXFileReference; name = "Segoe UI Bold Italic.woff"; path = "../src/assets/fonts/Segoe UI Bold Italic.woff"; sourceTree = "<group>"; fileEncoding = undefined; lastKnownFileType = unknown; explicitFileType = undefined; includeInIndex = 0; };
		86A5B442B2A04E27AFEB282E /* Segoe UI Bold.woff */ = {isa = PBXFileReference; name = "Segoe UI Bold.woff"; path = "../src/assets/fonts/Segoe UI Bold.woff"; sourceTree = "<group>"; fileEncoding = undefined; lastKnownFileType = unknown; explicitFileType = undefined; includeInIndex = 0; };
		2E7F679EC2F643A49CF32C81 /* Segoe UI Italic.woff */ = {isa = PBXFileReference; name = "Segoe UI Italic.woff"; path = "../src/assets/fonts/Segoe UI Italic.woff"; sourceTree = "<group>"; fileEncoding = undefined; lastKnownFileType = unknown; explicitFileType = undefined; includeInIndex = 0; };
		717FD4D1B46A4216AE20AD36 /* Segoe UI.woff */ = {isa = PBXFileReference; name = "Segoe UI.woff"; path = "../src/assets/fonts/Segoe UI.woff"; sourceTree = "<group>"; fileEncoding = undefined; lastKnownFileType = unknown; explicitFileType = undefined; includeInIndex = 0; };
		60AE89C013E64634AC3C7A5F /* Raleway-Black.ttf */ = {isa = PBXFileReference; name = "Raleway-Black.ttf"; path = "../src/assets/fonts/Raleway-Black.ttf"; sourceTree = "<group>"; fileEncoding = undefined; lastKnownFileType = unknown; explicitFileType = undefined; includeInIndex = 0; };
		CD4F154429FB4085BE411FB0 /* Raleway-BlackItalic.ttf */ = {isa = PBXFileReference; name = "Raleway-BlackItalic.ttf"; path = "../src/assets/fonts/Raleway-BlackItalic.ttf"; sourceTree = "<group>"; fileEncoding = undefined; lastKnownFileType = unknown; explicitFileType = undefined; includeInIndex = 0; };
		EBD958C7FAC7448CB21B2E35 /* Raleway-Bold.ttf */ = {isa = PBXFileReference; name = "Raleway-Bold.ttf"; path = "../src/assets/fonts/Raleway-Bold.ttf"; sourceTree = "<group>"; fileEncoding = undefined; lastKnownFileType = unknown; explicitFileType = undefined; includeInIndex = 0; };
		4E49219A5A61464D900EADF0 /* Raleway-BoldItalic.ttf */ = {isa = PBXFileReference; name = "Raleway-BoldItalic.ttf"; path = "../src/assets/fonts/Raleway-BoldItalic.ttf"; sourceTree = "<group>"; fileEncoding = undefined; lastKnownFileType = unknown; explicitFileType = undefined; includeInIndex = 0; };
		4C235C7CCDDB49FE9A4D5483 /* Raleway-ExtraBold.ttf */ = {isa = PBXFileReference; name = "Raleway-ExtraBold.ttf"; path = "../src/assets/fonts/Raleway-ExtraBold.ttf"; sourceTree = "<group>"; fileEncoding = undefined; lastKnownFileType = unknown; explicitFileType = undefined; includeInIndex = 0; };
		1F09D9451B554F3195F6E95F /* Raleway-ExtraBoldItalic.ttf */ = {isa = PBXFileReference; name = "Raleway-ExtraBoldItalic.ttf"; path = "../src/assets/fonts/Raleway-ExtraBoldItalic.ttf"; sourceTree = "<group>"; fileEncoding = undefined; lastKnownFileType = unknown; explicitFileType = undefined; includeInIndex = 0; };
		60A75A1663954BFC80777993 /* Raleway-ExtraLight.ttf */ = {isa = PBXFileReference; name = "Raleway-ExtraLight.ttf"; path = "../src/assets/fonts/Raleway-ExtraLight.ttf"; sourceTree = "<group>"; fileEncoding = undefined; lastKnownFileType = unknown; explicitFileType = undefined; includeInIndex = 0; };
		5A8B2B97EA1B4B2BACDA6FC6 /* Raleway-ExtraLightItalic.ttf */ = {isa = PBXFileReference; name = "Raleway-ExtraLightItalic.ttf"; path = "../src/assets/fonts/Raleway-ExtraLightItalic.ttf"; sourceTree = "<group>"; fileEncoding = undefined; lastKnownFileType = unknown; explicitFileType = undefined; includeInIndex = 0; };
		6E51CE7AB4D3477AADA48AFE /* Raleway-Italic.ttf */ = {isa = PBXFileReference; name = "Raleway-Italic.ttf"; path = "../src/assets/fonts/Raleway-Italic.ttf"; sourceTree = "<group>"; fileEncoding = undefined; lastKnownFileType = unknown; explicitFileType = undefined; includeInIndex = 0; };
		09FB2FE20E2A4BECB5943BCF /* Raleway-Light.ttf */ = {isa = PBXFileReference; name = "Raleway-Light.ttf"; path = "../src/assets/fonts/Raleway-Light.ttf"; sourceTree = "<group>"; fileEncoding = undefined; lastKnownFileType = unknown; explicitFileType = undefined; includeInIndex = 0; };
		26674D331C3D478DB19B5FF6 /* Raleway-LightItalic.ttf */ = {isa = PBXFileReference; name = "Raleway-LightItalic.ttf"; path = "../src/assets/fonts/Raleway-LightItalic.ttf"; sourceTree = "<group>"; fileEncoding = undefined; lastKnownFileType = unknown; explicitFileType = undefined; includeInIndex = 0; };
		B7D2F05467264F5C8E681751 /* Raleway-Medium.ttf */ = {isa = PBXFileReference; name = "Raleway-Medium.ttf"; path = "../src/assets/fonts/Raleway-Medium.ttf"; sourceTree = "<group>"; fileEncoding = undefined; lastKnownFileType = unknown; explicitFileType = undefined; includeInIndex = 0; };
		73F21EE7D7D3421DB5D9B19C /* Raleway-MediumItalic.ttf */ = {isa = PBXFileReference; name = "Raleway-MediumItalic.ttf"; path = "../src/assets/fonts/Raleway-MediumItalic.ttf"; sourceTree = "<group>"; fileEncoding = undefined; lastKnownFileType = unknown; explicitFileType = undefined; includeInIndex = 0; };
		5AB958636DEF422A8707AF98 /* Raleway-Regular.ttf */ = {isa = PBXFileReference; name = "Raleway-Regular.ttf"; path = "../src/assets/fonts/Raleway-Regular.ttf"; sourceTree = "<group>"; fileEncoding = undefined; lastKnownFileType = unknown; explicitFileType = undefined; includeInIndex = 0; };
		91EBFDCD62584F14B09750F2 /* Raleway-SemiBold.ttf */ = {isa = PBXFileReference; name = "Raleway-SemiBold.ttf"; path = "../src/assets/fonts/Raleway-SemiBold.ttf"; sourceTree = "<group>"; fileEncoding = undefined; lastKnownFileType = unknown; explicitFileType = undefined; includeInIndex = 0; };
		BB874E31DF0A4BE4885AC120 /* Raleway-SemiBoldItalic.ttf */ = {isa = PBXFileReference; name = "Raleway-SemiBoldItalic.ttf"; path = "../src/assets/fonts/Raleway-SemiBoldItalic.ttf"; sourceTree = "<group>"; fileEncoding = undefined; lastKnownFileType = unknown; explicitFileType = undefined; includeInIndex = 0; };
		0B09B312842542D6849BFEE0 /* Raleway-Thin.ttf */ = {isa = PBXFileReference; name = "Raleway-Thin.ttf"; path = "../src/assets/fonts/Raleway-Thin.ttf"; sourceTree = "<group>"; fileEncoding = undefined; lastKnownFileType = unknown; explicitFileType = undefined; includeInIndex = 0; };
		48F0C78E8B8B47E59A0C5430 /* Raleway-ThinItalic.ttf */ = {isa = PBXFileReference; name = "Raleway-ThinItalic.ttf"; path = "../src/assets/fonts/Raleway-ThinItalic.ttf"; sourceTree = "<group>"; fileEncoding = undefined; lastKnownFileType = unknown; explicitFileType = undefined; includeInIndex = 0; };
		FB282F05C64647D0A65B9D8C /* Segoe UI Bold Italic.ttf */ = {isa = PBXFileReference; name = "Segoe UI Bold Italic.ttf"; path = "../src/assets/fonts/Segoe UI Bold Italic.ttf"; sourceTree = "<group>"; fileEncoding = undefined; lastKnownFileType = unknown; explicitFileType = undefined; includeInIndex = 0; };
		75E4769F478A4A43837F5CDB /* Segoe UI Bold.ttf */ = {isa = PBXFileReference; name = "Segoe UI Bold.ttf"; path = "../src/assets/fonts/Segoe UI Bold.ttf"; sourceTree = "<group>"; fileEncoding = undefined; lastKnownFileType = unknown; explicitFileType = undefined; includeInIndex = 0; };
		BF9556A1BCE548B0835E9FA4 /* Segoe UI Italic.ttf */ = {isa = PBXFileReference; name = "Segoe UI Italic.ttf"; path = "../src/assets/fonts/Segoe UI Italic.ttf"; sourceTree = "<group>"; fileEncoding = undefined; lastKnownFileType = unknown; explicitFileType = undefined; includeInIndex = 0; };
		D5049606B77B4468A30E8736 /* Segoe UI.ttf */ = {isa = PBXFileReference; name = "Segoe UI.ttf"; path = "../src/assets/fonts/Segoe UI.ttf"; sourceTree = "<group>"; fileEncoding = undefined; lastKnownFileType = unknown; explicitFileType = undefined; includeInIndex = 0; };
		7CC3B648931A4665A47F2F63 /* segoe-ui.ttf */ = {isa = PBXFileReference; name = "segoe-ui.ttf"; path = "../src/assets/fonts/segoe-ui.ttf"; sourceTree = "<group>"; fileEncoding = undefined; lastKnownFileType = unknown; explicitFileType = undefined; includeInIndex = 0; };
		7954CD4A12D94357BF8600A1 /* seguisb.ttf */ = {isa = PBXFileReference; name = "seguisb.ttf"; path = "../src/assets/fonts/seguisb.ttf"; sourceTree = "<group>"; fileEncoding = undefined; lastKnownFileType = unknown; explicitFileType = undefined; includeInIndex = 0; };
		19D62DE6C9A543D795A5D565 /* AntDesign.ttf */ = {isa = PBXFileReference; name = "AntDesign.ttf"; path = "../node_modules/react-native-vector-icons/Fonts/AntDesign.ttf"; sourceTree = "<group>"; fileEncoding = undefined; lastKnownFileType = unknown; explicitFileType = undefined; includeInIndex = 0; };
		773A2E71B8A34B7BA9CA17A9 /* Entypo.ttf */ = {isa = PBXFileReference; name = "Entypo.ttf"; path = "../node_modules/react-native-vector-icons/Fonts/Entypo.ttf"; sourceTree = "<group>"; fileEncoding = undefined; lastKnownFileType = unknown; explicitFileType = undefined; includeInIndex = 0; };
		649674FBA46C4CA09C45925A /* EvilIcons.ttf */ = {isa = PBXFileReference; name = "EvilIcons.ttf"; path = "../node_modules/react-native-vector-icons/Fonts/EvilIcons.ttf"; sourceTree = "<group>"; fileEncoding = undefined; lastKnownFileType = unknown; explicitFileType = undefined; includeInIndex = 0; };
		5457A758487F411C9A1E610D /* Feather.ttf */ = {isa = PBXFileReference; name = "Feather.ttf"; path = "../node_modules/react-native-vector-icons/Fonts/Feather.ttf"; sourceTree = "<group>"; fileEncoding = undefined; lastKnownFileType = unknown; explicitFileType = undefined; includeInIndex = 0; };
		66EBE66DE57344EB890A96B2 /* FontAwesome.ttf */ = {isa = PBXFileReference; name = "FontAwesome.ttf"; path = "../node_modules/react-native-vector-icons/Fonts/FontAwesome.ttf"; sourceTree = "<group>"; fileEncoding = undefined; lastKnownFileType = unknown; explicitFileType = undefined; includeInIndex = 0; };
		A2BF2922213341F28EB8622C /* FontAwesome5_Brands.ttf */ = {isa = PBXFileReference; name = "FontAwesome5_Brands.ttf"; path = "../node_modules/react-native-vector-icons/Fonts/FontAwesome5_Brands.ttf"; sourceTree = "<group>"; fileEncoding = undefined; lastKnownFileType = unknown; explicitFileType = undefined; includeInIndex = 0; };
		14C0CE5ECF6F4D1BB3C3A89B /* FontAwesome5_Regular.ttf */ = {isa = PBXFileReference; name = "FontAwesome5_Regular.ttf"; path = "../node_modules/react-native-vector-icons/Fonts/FontAwesome5_Regular.ttf"; sourceTree = "<group>"; fileEncoding = undefined; lastKnownFileType = unknown; explicitFileType = undefined; includeInIndex = 0; };
		1C40E9AB21574AE58686F668 /* FontAwesome5_Solid.ttf */ = {isa = PBXFileReference; name = "FontAwesome5_Solid.ttf"; path = "../node_modules/react-native-vector-icons/Fonts/FontAwesome5_Solid.ttf"; sourceTree = "<group>"; fileEncoding = undefined; lastKnownFileType = unknown; explicitFileType = undefined; includeInIndex = 0; };
		52C864C2291E4B569C188A05 /* Fontisto.ttf */ = {isa = PBXFileReference; name = "Fontisto.ttf"; path = "../node_modules/react-native-vector-icons/Fonts/Fontisto.ttf"; sourceTree = "<group>"; fileEncoding = undefined; lastKnownFileType = unknown; explicitFileType = undefined; includeInIndex = 0; };
		C0B150941CBA468A8040AA99 /* Foundation.ttf */ = {isa = PBXFileReference; name = "Foundation.ttf"; path = "../node_modules/react-native-vector-icons/Fonts/Foundation.ttf"; sourceTree = "<group>"; fileEncoding = undefined; lastKnownFileType = unknown; explicitFileType = undefined; includeInIndex = 0; };
		02C0328B32D24929B95A98EA /* Ionicons.ttf */ = {isa = PBXFileReference; name = "Ionicons.ttf"; path = "../node_modules/react-native-vector-icons/Fonts/Ionicons.ttf"; sourceTree = "<group>"; fileEncoding = undefined; lastKnownFileType = unknown; explicitFileType = undefined; includeInIndex = 0; };
		9A21F07AB1B14890AAD4E50F /* MaterialCommunityIcons.ttf */ = {isa = PBXFileReference; name = "MaterialCommunityIcons.ttf"; path = "../node_modules/react-native-vector-icons/Fonts/MaterialCommunityIcons.ttf"; sourceTree = "<group>"; fileEncoding = undefined; lastKnownFileType = unknown; explicitFileType = undefined; includeInIndex = 0; };
		1DF19B7D2197423693A1201B /* MaterialIcons.ttf */ = {isa = PBXFileReference; name = "MaterialIcons.ttf"; path = "../node_modules/react-native-vector-icons/Fonts/MaterialIcons.ttf"; sourceTree = "<group>"; fileEncoding = undefined; lastKnownFileType = unknown; explicitFileType = undefined; includeInIndex = 0; };
		8EF3668CC4AB48A298E8FB43 /* Octicons.ttf */ = {isa = PBXFileReference; name = "Octicons.ttf"; path = "../node_modules/react-native-vector-icons/Fonts/Octicons.ttf"; sourceTree = "<group>"; fileEncoding = undefined; lastKnownFileType = unknown; explicitFileType = undefined; includeInIndex = 0; };
		3E502CE6C099401BB04ADC04 /* SimpleLineIcons.ttf */ = {isa = PBXFileReference; name = "SimpleLineIcons.ttf"; path = "../node_modules/react-native-vector-icons/Fonts/SimpleLineIcons.ttf"; sourceTree = "<group>"; fileEncoding = undefined; lastKnownFileType = unknown; explicitFileType = undefined; includeInIndex = 0; };
		FC3A1265E96B46F89DB19F6E /* Zocial.ttf */ = {isa = PBXFileReference; name = "Zocial.ttf"; path = "../node_modules/react-native-vector-icons/Fonts/Zocial.ttf"; sourceTree = "<group>"; fileEncoding = undefined; lastKnownFileType = unknown; explicitFileType = undefined; includeInIndex = 0; };
		4B48B48156B848E1AD1FEA90 /* apron.svg */ = {isa = PBXFileReference; name = "apron.svg"; path = "../src/assets/app/apron.svg"; sourceTree = "<group>"; fileEncoding = undefined; lastKnownFileType = unknown; explicitFileType = undefined; includeInIndex = 0; };
		3FB85A3C6F4544008D26149E /* baby-boy.svg */ = {isa = PBXFileReference; name = "baby-boy.svg"; path = "../src/assets/app/baby-boy.svg"; sourceTree = "<group>"; fileEncoding = undefined; lastKnownFileType = unknown; explicitFileType = undefined; includeInIndex = 0; };
		BF80DC01B4A34293A2493620 /* bed.svg */ = {isa = PBXFileReference; name = "bed.svg"; path = "../src/assets/app/bed.svg"; sourceTree = "<group>"; fileEncoding = undefined; lastKnownFileType = unknown; explicitFileType = undefined; includeInIndex = 0; };
		F26AA5ABFB584E9B84A51F72 /* box-1.svg */ = {isa = PBXFileReference; name = "box-1.svg"; path = "../src/assets/app/box-1.svg"; sourceTree = "<group>"; fileEncoding = undefined; lastKnownFileType = unknown; explicitFileType = undefined; includeInIndex = 0; };
		547B12D1A9EE4F759984D45C /* credit-card-1.svg */ = {isa = PBXFileReference; name = "credit-card-1.svg"; path = "../src/assets/app/credit-card-1.svg"; sourceTree = "<group>"; fileEncoding = undefined; lastKnownFileType = unknown; explicitFileType = undefined; includeInIndex = 0; };
		AA61C5CA2C854494AA8C5921 /* credit-card.svg */ = {isa = PBXFileReference; name = "credit-card.svg"; path = "../src/assets/app/credit-card.svg"; sourceTree = "<group>"; fileEncoding = undefined; lastKnownFileType = unknown; explicitFileType = undefined; includeInIndex = 0; };
		03A1D645CA084B2BAAE54306 /* digital-wallet.svg */ = {isa = PBXFileReference; name = "digital-wallet.svg"; path = "../src/assets/app/digital-wallet.svg"; sourceTree = "<group>"; fileEncoding = undefined; lastKnownFileType = unknown; explicitFileType = undefined; includeInIndex = 0; };
		8607D5A04F9646EA9EC7869A /* dry-cleaning.svg */ = {isa = PBXFileReference; name = "dry-cleaning.svg"; path = "../src/assets/app/dry-cleaning.svg"; sourceTree = "<group>"; fileEncoding = undefined; lastKnownFileType = unknown; explicitFileType = undefined; includeInIndex = 0; };
		493F506E35B649EF9632CCF9 /* home.svg */ = {isa = PBXFileReference; name = "home.svg"; path = "../src/assets/app/home.svg"; sourceTree = "<group>"; fileEncoding = undefined; lastKnownFileType = unknown; explicitFileType = undefined; includeInIndex = 0; };
		D71361F85D4A4DA7B2972FA9 /* house.svg */ = {isa = PBXFileReference; name = "house.svg"; path = "../src/assets/app/house.svg"; sourceTree = "<group>"; fileEncoding = undefined; lastKnownFileType = unknown; explicitFileType = undefined; includeInIndex = 0; };
		092E42C244AA45DCA95084CD /* iron.svg */ = {isa = PBXFileReference; name = "iron.svg"; path = "../src/assets/app/iron.svg"; sourceTree = "<group>"; fileEncoding = undefined; lastKnownFileType = unknown; explicitFileType = undefined; includeInIndex = 0; };
		433452BFA219452DBA956E3E /* logo.png */ = {isa = PBXFileReference; name = "logo.png"; path = "../src/assets/app/logo.png"; sourceTree = "<group>"; fileEncoding = undefined; lastKnownFileType = unknown; explicitFileType = undefined; includeInIndex = 0; };
		03913B1A6C5C4B9C84D8D042 /* man.svg */ = {isa = PBXFileReference; name = "man.svg"; path = "../src/assets/app/man.svg"; sourceTree = "<group>"; fileEncoding = undefined; lastKnownFileType = unknown; explicitFileType = undefined; includeInIndex = 0; };
		6ABA8E81671B4C83A28AD3EA /* office-block.svg */ = {isa = PBXFileReference; name = "office-block.svg"; path = "../src/assets/app/office-block.svg"; sourceTree = "<group>"; fileEncoding = undefined; lastKnownFileType = unknown; explicitFileType = undefined; includeInIndex = 0; };
		ADB532E0B8DA4B7F93B0367B /* pillow.svg */ = {isa = PBXFileReference; name = "pillow.svg"; path = "../src/assets/app/pillow.svg"; sourceTree = "<group>"; fileEncoding = undefined; lastKnownFileType = unknown; explicitFileType = undefined; includeInIndex = 0; };
		2960B776E16A49F5A579F6D3 /* route.svg */ = {isa = PBXFileReference; name = "route.svg"; path = "../src/assets/app/route.svg"; sourceTree = "<group>"; fileEncoding = undefined; lastKnownFileType = unknown; explicitFileType = undefined; includeInIndex = 0; };
		F4A5E66214C24114995C3BB9 /* snazzy-image.png */ = {isa = PBXFileReference; name = "snazzy-image.png"; path = "../src/assets/app/snazzy-image.png"; sourceTree = "<group>"; fileEncoding = undefined; lastKnownFileType = unknown; explicitFileType = undefined; includeInIndex = 0; };
		D8BF8D10A2764DA7BED69641 /* stage.svg */ = {isa = PBXFileReference; name = "stage.svg"; path = "../src/assets/app/stage.svg"; sourceTree = "<group>"; fileEncoding = undefined; lastKnownFileType = unknown; explicitFileType = undefined; includeInIndex = 0; };
		36E113AB56754052A7104136 /* towel.svg */ = {isa = PBXFileReference; name = "towel.svg"; path = "../src/assets/app/towel.svg"; sourceTree = "<group>"; fileEncoding = undefined; lastKnownFileType = unknown; explicitFileType = undefined; includeInIndex = 0; };
		585922DE34BD432EA3B280CD /* washing-machine.svg */ = {isa = PBXFileReference; name = "washing-machine.svg"; path = "../src/assets/app/washing-machine.svg"; sourceTree = "<group>"; fileEncoding = undefined; lastKnownFileType = unknown; explicitFileType = undefined; includeInIndex = 0; };
		613D139AE7D7422EA208B272 /* woman.svg */ = {isa = PBXFileReference; name = "woman.svg"; path = "../src/assets/app/woman.svg"; sourceTree = "<group>"; fileEncoding = undefined; lastKnownFileType = unknown; explicitFileType = undefined; includeInIndex = 0; };
/* End PBXFileReference section */

/* Begin PBXFrameworksBuildPhase section */
		00E356EB1AD99517003FC87E /* Frameworks */ = {
			isa = PBXFrameworksBuildPhase;
			buildActionMask = 2147483647;
			files = (
			);
			runOnlyForDeploymentPostprocessing = 0;
		};
		13B07F8C1A680F5B00A75B9A /* Frameworks */ = {
			isa = PBXFrameworksBuildPhase;
			buildActionMask = 2147483647;
			files = (
			);
			runOnlyForDeploymentPostprocessing = 0;
		};
		2D02E4781E0B4A5D006451C7 /* Frameworks */ = {
			isa = PBXFrameworksBuildPhase;
			buildActionMask = 2147483647;
			files = (
			);
			runOnlyForDeploymentPostprocessing = 0;
		};
		2D02E48D1E0B4A5D006451C7 /* Frameworks */ = {
			isa = PBXFrameworksBuildPhase;
			buildActionMask = 2147483647;
			files = (
			);
			runOnlyForDeploymentPostprocessing = 0;
		};
/* End PBXFrameworksBuildPhase section */

/* Begin PBXGroup section */
		00E356EF1AD99517003FC87E /* LaundryAppTests */ = {
			isa = PBXGroup;
			children = (
				00E356F21AD99517003FC87E /* LaundryAppTests.m */,
				00E356F01AD99517003FC87E /* Supporting Files */,
			);
			path = LaundryAppTests;
			sourceTree = "<group>";
		};
		00E356F01AD99517003FC87E /* Supporting Files */ = {
			isa = PBXGroup;
			children = (
				00E356F11AD99517003FC87E /* Info.plist */,
			);
			name = "Supporting Files";
			sourceTree = "<group>";
		};
		13B07FAE1A68108700A75B9A /* LaundryApp */ = {
			isa = PBXGroup;
			children = (
				008F07F21AC5B25A0029DE68 /* main.jsbundle */,
				13B07FAF1A68108700A75B9A /* AppDelegate.h */,
				13B07FB01A68108700A75B9A /* AppDelegate.m */,
				13B07FB51A68108700A75B9A /* Images.xcassets */,
				13B07FB61A68108700A75B9A /* Info.plist */,
				13B07FB11A68108700A75B9A /* LaunchScreen.xib */,
				13B07FB71A68108700A75B9A /* main.m */,
			);
			name = LaundryApp;
			sourceTree = "<group>";
		};
		2D16E6871FA4F8E400B85C8A /* Frameworks */ = {
			isa = PBXGroup;
			children = (
				ED297162215061F000B7C4FE /* JavaScriptCore.framework */,
				ED2971642150620600B7C4FE /* JavaScriptCore.framework */,
			);
			name = Frameworks;
			sourceTree = "<group>";
		};
		832341AE1AAA6A7D00B99B32 /* Libraries */ = {
			isa = PBXGroup;
			children = (
			);
			name = Libraries;
			sourceTree = "<group>";
		};
		83CBB9F61A601CBA00E9B192 = {
			isa = PBXGroup;
			children = (
				13B07FAE1A68108700A75B9A /* LaundryApp */,
				832341AE1AAA6A7D00B99B32 /* Libraries */,
				00E356EF1AD99517003FC87E /* LaundryAppTests */,
				83CBBA001A601CBA00E9B192 /* Products */,
				2D16E6871FA4F8E400B85C8A /* Frameworks */,
				9FA1A66A90714AA3A253564E /* Resources */,
			);
			indentWidth = 2;
			sourceTree = "<group>";
			tabWidth = 2;
			usesTabs = 0;
		};
		83CBBA001A601CBA00E9B192 /* Products */ = {
			isa = PBXGroup;
			children = (
				13B07F961A680F5B00A75B9A /* LaundryApp.app */,
				00E356EE1AD99517003FC87E /* LaundryAppTests.xctest */,
				2D02E47B1E0B4A5D006451C7 /* LaundryApp-tvOS.app */,
				2D02E4901E0B4A5D006451C7 /* LaundryApp-tvOSTests.xctest */,
			);
			name = Products;
			sourceTree = "<group>";
		};
		9FA1A66A90714AA3A253564E /* Resources */ = {
			isa = "PBXGroup";
			children = (
				26FED2A6033C403F927C2C4C /* Segoe UI Bold Italic.woff */,
				86A5B442B2A04E27AFEB282E /* Segoe UI Bold.woff */,
				2E7F679EC2F643A49CF32C81 /* Segoe UI Italic.woff */,
				717FD4D1B46A4216AE20AD36 /* Segoe UI.woff */,
				60AE89C013E64634AC3C7A5F /* Raleway-Black.ttf */,
				CD4F154429FB4085BE411FB0 /* Raleway-BlackItalic.ttf */,
				EBD958C7FAC7448CB21B2E35 /* Raleway-Bold.ttf */,
				4E49219A5A61464D900EADF0 /* Raleway-BoldItalic.ttf */,
				4C235C7CCDDB49FE9A4D5483 /* Raleway-ExtraBold.ttf */,
				1F09D9451B554F3195F6E95F /* Raleway-ExtraBoldItalic.ttf */,
				60A75A1663954BFC80777993 /* Raleway-ExtraLight.ttf */,
				5A8B2B97EA1B4B2BACDA6FC6 /* Raleway-ExtraLightItalic.ttf */,
				6E51CE7AB4D3477AADA48AFE /* Raleway-Italic.ttf */,
				09FB2FE20E2A4BECB5943BCF /* Raleway-Light.ttf */,
				26674D331C3D478DB19B5FF6 /* Raleway-LightItalic.ttf */,
				B7D2F05467264F5C8E681751 /* Raleway-Medium.ttf */,
				73F21EE7D7D3421DB5D9B19C /* Raleway-MediumItalic.ttf */,
				5AB958636DEF422A8707AF98 /* Raleway-Regular.ttf */,
				91EBFDCD62584F14B09750F2 /* Raleway-SemiBold.ttf */,
				BB874E31DF0A4BE4885AC120 /* Raleway-SemiBoldItalic.ttf */,
				0B09B312842542D6849BFEE0 /* Raleway-Thin.ttf */,
				48F0C78E8B8B47E59A0C5430 /* Raleway-ThinItalic.ttf */,
				FB282F05C64647D0A65B9D8C /* Segoe UI Bold Italic.ttf */,
				75E4769F478A4A43837F5CDB /* Segoe UI Bold.ttf */,
				BF9556A1BCE548B0835E9FA4 /* Segoe UI Italic.ttf */,
				D5049606B77B4468A30E8736 /* Segoe UI.ttf */,
				7CC3B648931A4665A47F2F63 /* segoe-ui.ttf */,
				7954CD4A12D94357BF8600A1 /* seguisb.ttf */,
				19D62DE6C9A543D795A5D565 /* AntDesign.ttf */,
				773A2E71B8A34B7BA9CA17A9 /* Entypo.ttf */,
				649674FBA46C4CA09C45925A /* EvilIcons.ttf */,
				5457A758487F411C9A1E610D /* Feather.ttf */,
				66EBE66DE57344EB890A96B2 /* FontAwesome.ttf */,
				A2BF2922213341F28EB8622C /* FontAwesome5_Brands.ttf */,
				14C0CE5ECF6F4D1BB3C3A89B /* FontAwesome5_Regular.ttf */,
				1C40E9AB21574AE58686F668 /* FontAwesome5_Solid.ttf */,
				52C864C2291E4B569C188A05 /* Fontisto.ttf */,
				C0B150941CBA468A8040AA99 /* Foundation.ttf */,
				02C0328B32D24929B95A98EA /* Ionicons.ttf */,
				9A21F07AB1B14890AAD4E50F /* MaterialCommunityIcons.ttf */,
				1DF19B7D2197423693A1201B /* MaterialIcons.ttf */,
				8EF3668CC4AB48A298E8FB43 /* Octicons.ttf */,
				3E502CE6C099401BB04ADC04 /* SimpleLineIcons.ttf */,
				FC3A1265E96B46F89DB19F6E /* Zocial.ttf */,
				4B48B48156B848E1AD1FEA90 /* apron.svg */,
				3FB85A3C6F4544008D26149E /* baby-boy.svg */,
				BF80DC01B4A34293A2493620 /* bed.svg */,
				F26AA5ABFB584E9B84A51F72 /* box-1.svg */,
				547B12D1A9EE4F759984D45C /* credit-card-1.svg */,
				AA61C5CA2C854494AA8C5921 /* credit-card.svg */,
				03A1D645CA084B2BAAE54306 /* digital-wallet.svg */,
				8607D5A04F9646EA9EC7869A /* dry-cleaning.svg */,
				493F506E35B649EF9632CCF9 /* home.svg */,
				D71361F85D4A4DA7B2972FA9 /* house.svg */,
				092E42C244AA45DCA95084CD /* iron.svg */,
				433452BFA219452DBA956E3E /* logo.png */,
				03913B1A6C5C4B9C84D8D042 /* man.svg */,
				6ABA8E81671B4C83A28AD3EA /* office-block.svg */,
				ADB532E0B8DA4B7F93B0367B /* pillow.svg */,
				2960B776E16A49F5A579F6D3 /* route.svg */,
				F4A5E66214C24114995C3BB9 /* snazzy-image.png */,
				D8BF8D10A2764DA7BED69641 /* stage.svg */,
				36E113AB56754052A7104136 /* towel.svg */,
				585922DE34BD432EA3B280CD /* washing-machine.svg */,
				613D139AE7D7422EA208B272 /* woman.svg */,
			);
			name = Resources;
			sourceTree = "<group>";
			path = "";
		};
/* End PBXGroup section */

/* Begin PBXNativeTarget section */
		00E356ED1AD99517003FC87E /* LaundryAppTests */ = {
			isa = PBXNativeTarget;
			buildConfigurationList = 00E357021AD99517003FC87E /* Build configuration list for PBXNativeTarget "LaundryAppTests" */;
			buildPhases = (
				00E356EA1AD99517003FC87E /* Sources */,
				00E356EB1AD99517003FC87E /* Frameworks */,
				00E356EC1AD99517003FC87E /* Resources */,
			);
			buildRules = (
			);
			dependencies = (
				00E356F51AD99517003FC87E /* PBXTargetDependency */,
			);
			name = LaundryAppTests;
			productName = LaundryAppTests;
			productReference = 00E356EE1AD99517003FC87E /* LaundryAppTests.xctest */;
			productType = "com.apple.product-type.bundle.unit-test";
		};
		13B07F861A680F5B00A75B9A /* LaundryApp */ = {
			isa = PBXNativeTarget;
			buildConfigurationList = 13B07F931A680F5B00A75B9A /* Build configuration list for PBXNativeTarget "LaundryApp" */;
			buildPhases = (
				FD10A7F022414F080027D42C /* Start Packager */,
				13B07F871A680F5B00A75B9A /* Sources */,
				13B07F8C1A680F5B00A75B9A /* Frameworks */,
				13B07F8E1A680F5B00A75B9A /* Resources */,
				00DD1BFF1BD5951E006B06BC /* Bundle React Native code and images */,
			);
			buildRules = (
			);
			dependencies = (
			);
			name = LaundryApp;
			productName = "LaundryApp";
			productReference = 13B07F961A680F5B00A75B9A /* LaundryApp.app */;
			productType = "com.apple.product-type.application";
		};
		2D02E47A1E0B4A5D006451C7 /* LaundryApp-tvOS */ = {
			isa = PBXNativeTarget;
			buildConfigurationList = 2D02E4BA1E0B4A5E006451C7 /* Build configuration list for PBXNativeTarget "LaundryApp-tvOS" */;
			buildPhases = (
				FD10A7F122414F3F0027D42C /* Start Packager */,
				2D02E4771E0B4A5D006451C7 /* Sources */,
				2D02E4781E0B4A5D006451C7 /* Frameworks */,
				2D02E4791E0B4A5D006451C7 /* Resources */,
				2D02E4CB1E0B4B27006451C7 /* Bundle React Native Code And Images */,
			);
			buildRules = (
			);
			dependencies = (
			);
			name = "LaundryApp-tvOS";
			productName = "LaundryApp-tvOS";
			productReference = 2D02E47B1E0B4A5D006451C7 /* LaundryApp-tvOS.app */;
			productType = "com.apple.product-type.application";
		};
		2D02E48F1E0B4A5D006451C7 /* LaundryApp-tvOSTests */ = {
			isa = PBXNativeTarget;
			buildConfigurationList = 2D02E4BB1E0B4A5E006451C7 /* Build configuration list for PBXNativeTarget "LaundryApp-tvOSTests" */;
			buildPhases = (
				2D02E48C1E0B4A5D006451C7 /* Sources */,
				2D02E48D1E0B4A5D006451C7 /* Frameworks */,
				2D02E48E1E0B4A5D006451C7 /* Resources */,
			);
			buildRules = (
			);
			dependencies = (
				2D02E4921E0B4A5D006451C7 /* PBXTargetDependency */,
			);
			name = "LaundryApp-tvOSTests";
			productName = "LaundryApp-tvOSTests";
			productReference = 2D02E4901E0B4A5D006451C7 /* LaundryApp-tvOSTests.xctest */;
			productType = "com.apple.product-type.bundle.unit-test";
		};
/* End PBXNativeTarget section */

/* Begin PBXProject section */
		83CBB9F71A601CBA00E9B192 /* Project object */ = {
			isa = PBXProject;
			attributes = {
				LastUpgradeCheck = 940;
				ORGANIZATIONNAME = Facebook;
				TargetAttributes = {
					00E356ED1AD99517003FC87E = {
						CreatedOnToolsVersion = 6.2;
						TestTargetID = 13B07F861A680F5B00A75B9A;
					};
					2D02E47A1E0B4A5D006451C7 = {
						CreatedOnToolsVersion = 8.2.1;
						ProvisioningStyle = Automatic;
					};
					2D02E48F1E0B4A5D006451C7 = {
						CreatedOnToolsVersion = 8.2.1;
						ProvisioningStyle = Automatic;
						TestTargetID = 2D02E47A1E0B4A5D006451C7;
					};
				};
			};
			buildConfigurationList = 83CBB9FA1A601CBA00E9B192 /* Build configuration list for PBXProject "LaundryApp" */;
			compatibilityVersion = "Xcode 3.2";
			developmentRegion = English;
			hasScannedForEncodings = 0;
			knownRegions = (
				en,
				Base,
			);
			mainGroup = 83CBB9F61A601CBA00E9B192;
			productRefGroup = 83CBBA001A601CBA00E9B192 /* Products */;
			projectDirPath = "";
			projectRoot = "";
			targets = (
				13B07F861A680F5B00A75B9A /* LaundryApp */,
				00E356ED1AD99517003FC87E /* LaundryAppTests */,
				2D02E47A1E0B4A5D006451C7 /* LaundryApp-tvOS */,
				2D02E48F1E0B4A5D006451C7 /* LaundryApp-tvOSTests */,
			);
		};
/* End PBXProject section */

/* Begin PBXResourcesBuildPhase section */
		00E356EC1AD99517003FC87E /* Resources */ = {
			isa = PBXResourcesBuildPhase;
			buildActionMask = 2147483647;
			files = (
			);
			runOnlyForDeploymentPostprocessing = 0;
		};
		13B07F8E1A680F5B00A75B9A /* Resources */ = {
			isa = PBXResourcesBuildPhase;
			buildActionMask = 2147483647;
			files = (
				13B07FBF1A68108700A75B9A /* Images.xcassets in Resources */,
				13B07FBD1A68108700A75B9A /* LaunchScreen.xib in Resources */,
				6B76BF92CE0B46B18345F53A /* Segoe UI Bold Italic.woff in Resources */,
				E469BEAEF6D444018D506C30 /* Segoe UI Bold.woff in Resources */,
				782CDAD9612D405CB0D4A26A /* Segoe UI Italic.woff in Resources */,
				BED924BA1414404B9AC98B97 /* Segoe UI.woff in Resources */,
				E87C68E990E54E42AC8C3CD1 /* Raleway-Black.ttf in Resources */,
				85192730C0A740B7B44D3FD4 /* Raleway-BlackItalic.ttf in Resources */,
				0795962A9DB2441FB4476163 /* Raleway-Bold.ttf in Resources */,
				88A2AFFDF2DF46BCA0BBED82 /* Raleway-BoldItalic.ttf in Resources */,
				BA6A0FE6506843AA97DE3234 /* Raleway-ExtraBold.ttf in Resources */,
				165AE3356DEB45ACB80BDD04 /* Raleway-ExtraBoldItalic.ttf in Resources */,
				AFB0E9BC58AE48C6BA8BB0D0 /* Raleway-ExtraLight.ttf in Resources */,
				98AF9C79321041CBA758E3FD /* Raleway-ExtraLightItalic.ttf in Resources */,
				180E7B16F6B04C2BAE1DEEDD /* Raleway-Italic.ttf in Resources */,
				6CF6A9CA9F274B4EB4E99A38 /* Raleway-Light.ttf in Resources */,
				DAFF01BD53C44A3F9C485727 /* Raleway-LightItalic.ttf in Resources */,
				48E42F9A60F6401497DC6E64 /* Raleway-Medium.ttf in Resources */,
				DDFF81DE22204DA1BD1DD75F /* Raleway-MediumItalic.ttf in Resources */,
				4C4B467A74434D6FABABD5E0 /* Raleway-Regular.ttf in Resources */,
				BD6E7C13B8674F7F95C5C125 /* Raleway-SemiBold.ttf in Resources */,
				0F3DC38B96AB4E84BAE144C4 /* Raleway-SemiBoldItalic.ttf in Resources */,
				131DF8A54BC04696B711BA56 /* Raleway-Thin.ttf in Resources */,
				C066EB151E8A43D3825AD32E /* Raleway-ThinItalic.ttf in Resources */,
				76FEE73976C24B4FA3ED8521 /* Segoe UI Bold Italic.ttf in Resources */,
				EF3AF3F130804CFBB5830071 /* Segoe UI Bold.ttf in Resources */,
				ED66366FCCCC42599C612493 /* Segoe UI Italic.ttf in Resources */,
				56B135497F5C4EC5995DA57F /* Segoe UI.ttf in Resources */,
				24BC6684DB22403EB7356A7A /* segoe-ui.ttf in Resources */,
				119F808C68D04857A7188AED /* seguisb.ttf in Resources */,
				2A66E3899907480E892182EF /* AntDesign.ttf in Resources */,
				FDAB252686F34DDF98525482 /* Entypo.ttf in Resources */,
				6E9501BCBB784854853C2280 /* EvilIcons.ttf in Resources */,
				29DA800577BE4A898BEB884C /* Feather.ttf in Resources */,
				109A59B14EA541F0AB740D16 /* FontAwesome.ttf in Resources */,
				BA21844816FC4B5A9838316C /* FontAwesome5_Brands.ttf in Resources */,
				1F7C1D05AF7B478BBE8B3E7C /* FontAwesome5_Regular.ttf in Resources */,
				6F356141592F4C2F9B612D84 /* FontAwesome5_Solid.ttf in Resources */,
				0129412FD2694856A215ADD3 /* Fontisto.ttf in Resources */,
				5C6A3797F3E0460AB64800A8 /* Foundation.ttf in Resources */,
				C8A92D0656064D37BFA4BDDE /* Ionicons.ttf in Resources */,
				69CD147F10F542CAA6AA58BE /* MaterialCommunityIcons.ttf in Resources */,
				899DF9BB024F488FBE4C8286 /* MaterialIcons.ttf in Resources */,
				98AB2BA40D314FB794ED4375 /* Octicons.ttf in Resources */,
				68DED87E150748C488A1376F /* SimpleLineIcons.ttf in Resources */,
				07EDFA5AC1B94BEBB92953D6 /* Zocial.ttf in Resources */,
				FAC97C096DB3471B8C710832 /* apron.svg in Resources */,
				DD1628C6BAEA4D96BD09C093 /* baby-boy.svg in Resources */,
				CADAB6657AB649AEA88C52E6 /* bed.svg in Resources */,
				83D43FBC007645C297C348FB /* box-1.svg in Resources */,
				B68B8605D1BE460DA5ACF3E9 /* credit-card-1.svg in Resources */,
				723600D9A4A344159C91BB4C /* credit-card.svg in Resources */,
				B6B4FDDA73CD45AAB9687418 /* digital-wallet.svg in Resources */,
				C003FDB3AA064F4EA44B9138 /* dry-cleaning.svg in Resources */,
				C91598ACF87D49F798D7A65A /* home.svg in Resources */,
				29BB25AE760C42BF843CEC47 /* house.svg in Resources */,
				19B9707DF5544F43BEAFA28A /* iron.svg in Resources */,
				96731F17A5A84CF692F0040C /* logo.png in Resources */,
				12280AB010C1492A9EE6C58F /* man.svg in Resources */,
				21ECBBAD45074E2DA34CC622 /* office-block.svg in Resources */,
				5D6C6BCB310140F584160AE5 /* pillow.svg in Resources */,
				F91CF2162B5848C093A58308 /* route.svg in Resources */,
				4176D133E7594AB1987286E5 /* snazzy-image.png in Resources */,
				50B16ECD6DB5444B902C2626 /* stage.svg in Resources */,
				4CB3B10313DE489187E8611B /* towel.svg in Resources */,
				9D621461470A4FA1BD751610 /* washing-machine.svg in Resources */,
				66C0E7ADB7F24EF3AC2C7219 /* woman.svg in Resources */,
			);
			runOnlyForDeploymentPostprocessing = 0;
		};
		2D02E4791E0B4A5D006451C7 /* Resources */ = {
			isa = PBXResourcesBuildPhase;
			buildActionMask = 2147483647;
			files = (
				2D02E4BD1E0B4A84006451C7 /* Images.xcassets in Resources */,
			);
			runOnlyForDeploymentPostprocessing = 0;
		};
		2D02E48E1E0B4A5D006451C7 /* Resources */ = {
			isa = PBXResourcesBuildPhase;
			buildActionMask = 2147483647;
			files = (
			);
			runOnlyForDeploymentPostprocessing = 0;
		};
/* End PBXResourcesBuildPhase section */

/* Begin PBXShellScriptBuildPhase section */
		00DD1BFF1BD5951E006B06BC /* Bundle React Native code and images */ = {
			isa = PBXShellScriptBuildPhase;
			buildActionMask = 2147483647;
			files = (
			);
			inputPaths = (
			);
			name = "Bundle React Native code and images";
			outputPaths = (
			);
			runOnlyForDeploymentPostprocessing = 0;
			shellPath = /bin/sh;
			shellScript = "export NODE_BINARY=node\n../node_modules/react-native/scripts/react-native-xcode.sh";
		};
		2D02E4CB1E0B4B27006451C7 /* Bundle React Native Code And Images */ = {
			isa = PBXShellScriptBuildPhase;
			buildActionMask = 2147483647;
			files = (
			);
			inputPaths = (
			);
			name = "Bundle React Native Code And Images";
			outputPaths = (
			);
			runOnlyForDeploymentPostprocessing = 0;
			shellPath = /bin/sh;
			shellScript = "export NODE_BINARY=node\n../node_modules/react-native/scripts/react-native-xcode.sh";
		};
		FD10A7F022414F080027D42C /* Start Packager */ = {
			isa = PBXShellScriptBuildPhase;
			buildActionMask = 2147483647;
			files = (
			);
			inputFileListPaths = (
			);
			inputPaths = (
			);
			name = "Start Packager";
			outputFileListPaths = (
			);
			outputPaths = (
			);
			runOnlyForDeploymentPostprocessing = 0;
			shellPath = /bin/sh;
			shellScript = "export RCT_METRO_PORT=\"${RCT_METRO_PORT:=8081}\"\necho \"export RCT_METRO_PORT=${RCT_METRO_PORT}\" > \"${SRCROOT}/../node_modules/react-native/scripts/.packager.env\"\nif [ -z \"${RCT_NO_LAUNCH_PACKAGER+xxx}\" ] ; then\n  if nc -w 5 -z localhost ${RCT_METRO_PORT} ; then\n    if ! curl -s \"http://localhost:${RCT_METRO_PORT}/status\" | grep -q \"packager-status:running\" ; then\n      echo \"Port ${RCT_METRO_PORT} already in use, packager is either not running or not running correctly\"\n      exit 2\n    fi\n  else\n    open \"$SRCROOT/../node_modules/react-native/scripts/launchPackager.command\" || echo \"Can't start packager automatically\"\n  fi\nfi\n";
			showEnvVarsInLog = 0;
		};
		FD10A7F122414F3F0027D42C /* Start Packager */ = {
			isa = PBXShellScriptBuildPhase;
			buildActionMask = 2147483647;
			files = (
			);
			inputFileListPaths = (
			);
			inputPaths = (
			);
			name = "Start Packager";
			outputFileListPaths = (
			);
			outputPaths = (
			);
			runOnlyForDeploymentPostprocessing = 0;
			shellPath = /bin/sh;
			shellScript = "export RCT_METRO_PORT=\"${RCT_METRO_PORT:=8081}\"\necho \"export RCT_METRO_PORT=${RCT_METRO_PORT}\" > \"${SRCROOT}/../node_modules/react-native/scripts/.packager.env\"\nif [ -z \"${RCT_NO_LAUNCH_PACKAGER+xxx}\" ] ; then\n  if nc -w 5 -z localhost ${RCT_METRO_PORT} ; then\n    if ! curl -s \"http://localhost:${RCT_METRO_PORT}/status\" | grep -q \"packager-status:running\" ; then\n      echo \"Port ${RCT_METRO_PORT} already in use, packager is either not running or not running correctly\"\n      exit 2\n    fi\n  else\n    open \"$SRCROOT/../node_modules/react-native/scripts/launchPackager.command\" || echo \"Can't start packager automatically\"\n  fi\nfi\n";
			showEnvVarsInLog = 0;
		};
/* End PBXShellScriptBuildPhase section */

/* Begin PBXSourcesBuildPhase section */
		00E356EA1AD99517003FC87E /* Sources */ = {
			isa = PBXSourcesBuildPhase;
			buildActionMask = 2147483647;
			files = (
				00E356F31AD99517003FC87E /* LaundryAppTests.m in Sources */,
			);
			runOnlyForDeploymentPostprocessing = 0;
		};
		13B07F871A680F5B00A75B9A /* Sources */ = {
			isa = PBXSourcesBuildPhase;
			buildActionMask = 2147483647;
			files = (
				13B07FBC1A68108700A75B9A /* AppDelegate.m in Sources */,
				13B07FC11A68108700A75B9A /* main.m in Sources */,
			);
			runOnlyForDeploymentPostprocessing = 0;
		};
		2D02E4771E0B4A5D006451C7 /* Sources */ = {
			isa = PBXSourcesBuildPhase;
			buildActionMask = 2147483647;
			files = (
				2D02E4BF1E0B4AB3006451C7 /* main.m in Sources */,
				2D02E4BC1E0B4A80006451C7 /* AppDelegate.m in Sources */,
			);
			runOnlyForDeploymentPostprocessing = 0;
		};
		2D02E48C1E0B4A5D006451C7 /* Sources */ = {
			isa = PBXSourcesBuildPhase;
			buildActionMask = 2147483647;
			files = (
				2DCD954D1E0B4F2C00145EB5 /* LaundryAppTests.m in Sources */,
			);
			runOnlyForDeploymentPostprocessing = 0;
		};
/* End PBXSourcesBuildPhase section */

/* Begin PBXTargetDependency section */
		00E356F51AD99517003FC87E /* PBXTargetDependency */ = {
			isa = PBXTargetDependency;
			target = 13B07F861A680F5B00A75B9A /* LaundryApp */;
			targetProxy = 00E356F41AD99517003FC87E /* PBXContainerItemProxy */;
		};
		2D02E4921E0B4A5D006451C7 /* PBXTargetDependency */ = {
			isa = PBXTargetDependency;
			target = 2D02E47A1E0B4A5D006451C7 /* LaundryApp-tvOS */;
			targetProxy = 2D02E4911E0B4A5D006451C7 /* PBXContainerItemProxy */;
		};
/* End PBXTargetDependency section */

/* Begin PBXVariantGroup section */
		13B07FB11A68108700A75B9A /* LaunchScreen.xib */ = {
			isa = PBXVariantGroup;
			children = (
				13B07FB21A68108700A75B9A /* Base */,
			);
			name = LaunchScreen.xib;
			path = LaundryApp;
			sourceTree = "<group>";
		};
/* End PBXVariantGroup section */

/* Begin XCBuildConfiguration section */
		00E356F61AD99517003FC87E /* Debug */ = {
			isa = XCBuildConfiguration;
			buildSettings = {
				BUNDLE_LOADER = "$(TEST_HOST)";
				GCC_PREPROCESSOR_DEFINITIONS = (
					"DEBUG=1",
					"$(inherited)",
				);
				INFOPLIST_FILE = LaundryAppTests/Info.plist;
				IPHONEOS_DEPLOYMENT_TARGET = 9.0;
				LD_RUNPATH_SEARCH_PATHS = "$(inherited) @executable_path/Frameworks @loader_path/Frameworks";
				OTHER_LDFLAGS = (
					"-ObjC",
					"-lc++",
					"$(inherited)",
				);
				PRODUCT_BUNDLE_IDENTIFIER = "org.reactjs.native.example.$(PRODUCT_NAME:rfc1034identifier)";
				PRODUCT_NAME = "$(TARGET_NAME)";
				TEST_HOST = "$(BUILT_PRODUCTS_DIR)/LaundryApp.app/LaundryApp";
			};
			name = Debug;
		};
		00E356F71AD99517003FC87E /* Release */ = {
			isa = XCBuildConfiguration;
			buildSettings = {
				BUNDLE_LOADER = "$(TEST_HOST)";
				COPY_PHASE_STRIP = NO;
				INFOPLIST_FILE = LaundryAppTests/Info.plist;
				IPHONEOS_DEPLOYMENT_TARGET = 9.0;
				LD_RUNPATH_SEARCH_PATHS = "$(inherited) @executable_path/Frameworks @loader_path/Frameworks";
				OTHER_LDFLAGS = (
					"-ObjC",
					"-lc++",
					"$(inherited)",
				);
				PRODUCT_BUNDLE_IDENTIFIER = "org.reactjs.native.example.$(PRODUCT_NAME:rfc1034identifier)";
				PRODUCT_NAME = "$(TARGET_NAME)";
				TEST_HOST = "$(BUILT_PRODUCTS_DIR)/LaundryApp.app/LaundryApp";
			};
			name = Release;
		};
		13B07F941A680F5B00A75B9A /* Debug */ = {
			isa = XCBuildConfiguration;
			buildSettings = {
				ASSETCATALOG_COMPILER_APPICON_NAME = AppIcon;
				CURRENT_PROJECT_VERSION = 1;
				DEAD_CODE_STRIPPING = NO;
				INFOPLIST_FILE = LaundryApp/Info.plist;
				LD_RUNPATH_SEARCH_PATHS = "$(inherited) @executable_path/Frameworks";
				OTHER_LDFLAGS = (
					"$(inherited)",
					"-ObjC",
					"-lc++",
				);
				PRODUCT_BUNDLE_IDENTIFIER = "org.reactjs.native.example.$(PRODUCT_NAME:rfc1034identifier)";
				PRODUCT_NAME = LaundryApp;
				VERSIONING_SYSTEM = "apple-generic";
			};
			name = Debug;
		};
		13B07F951A680F5B00A75B9A /* Release */ = {
			isa = XCBuildConfiguration;
			buildSettings = {
				ASSETCATALOG_COMPILER_APPICON_NAME = AppIcon;
				CURRENT_PROJECT_VERSION = 1;
				INFOPLIST_FILE = LaundryApp/Info.plist;
				LD_RUNPATH_SEARCH_PATHS = "$(inherited) @executable_path/Frameworks";
				OTHER_LDFLAGS = (
					"$(inherited)",
					"-ObjC",
					"-lc++",
				);
				PRODUCT_BUNDLE_IDENTIFIER = "org.reactjs.native.example.$(PRODUCT_NAME:rfc1034identifier)";
				PRODUCT_NAME = LaundryApp;
				VERSIONING_SYSTEM = "apple-generic";
			};
			name = Release;
		};
		2D02E4971E0B4A5E006451C7 /* Debug */ = {
			isa = XCBuildConfiguration;
			buildSettings = {
				ASSETCATALOG_COMPILER_APPICON_NAME = "App Icon & Top Shelf Image";
				ASSETCATALOG_COMPILER_LAUNCHIMAGE_NAME = LaunchImage;
				CLANG_ANALYZER_NONNULL = YES;
				CLANG_WARN_DOCUMENTATION_COMMENTS = YES;
				CLANG_WARN_INFINITE_RECURSION = YES;
				CLANG_WARN_SUSPICIOUS_MOVE = YES;
				DEBUG_INFORMATION_FORMAT = dwarf;
				ENABLE_TESTABILITY = YES;
				GCC_NO_COMMON_BLOCKS = YES;
				INFOPLIST_FILE = "LaundryApp-tvOS/Info.plist";
				LD_RUNPATH_SEARCH_PATHS = "$(inherited) @executable_path/Frameworks";
				OTHER_LDFLAGS = (
					"$(inherited)",
					"-ObjC",
					"-lc++",
				);
				PRODUCT_BUNDLE_IDENTIFIER = "com.facebook.REACT.LaundryApp-tvOS";
				PRODUCT_NAME = "$(TARGET_NAME)";
				SDKROOT = appletvos;
				TARGETED_DEVICE_FAMILY = 3;
				TVOS_DEPLOYMENT_TARGET = 9.2;
			};
			name = Debug;
		};
		2D02E4981E0B4A5E006451C7 /* Release */ = {
			isa = XCBuildConfiguration;
			buildSettings = {
				ASSETCATALOG_COMPILER_APPICON_NAME = "App Icon & Top Shelf Image";
				ASSETCATALOG_COMPILER_LAUNCHIMAGE_NAME = LaunchImage;
				CLANG_ANALYZER_NONNULL = YES;
				CLANG_WARN_DOCUMENTATION_COMMENTS = YES;
				CLANG_WARN_INFINITE_RECURSION = YES;
				CLANG_WARN_SUSPICIOUS_MOVE = YES;
				COPY_PHASE_STRIP = NO;
				DEBUG_INFORMATION_FORMAT = "dwarf-with-dsym";
				GCC_NO_COMMON_BLOCKS = YES;
				INFOPLIST_FILE = "LaundryApp-tvOS/Info.plist";
				LD_RUNPATH_SEARCH_PATHS = "$(inherited) @executable_path/Frameworks";
				OTHER_LDFLAGS = (
					"$(inherited)",
					"-ObjC",
					"-lc++",
				);
				PRODUCT_BUNDLE_IDENTIFIER = "com.facebook.REACT.LaundryApp-tvOS";
				PRODUCT_NAME = "$(TARGET_NAME)";
				SDKROOT = appletvos;
				TARGETED_DEVICE_FAMILY = 3;
				TVOS_DEPLOYMENT_TARGET = 9.2;
			};
			name = Release;
		};
		2D02E4991E0B4A5E006451C7 /* Debug */ = {
			isa = XCBuildConfiguration;
			buildSettings = {
				BUNDLE_LOADER = "$(TEST_HOST)";
				CLANG_ANALYZER_NONNULL = YES;
				CLANG_WARN_DOCUMENTATION_COMMENTS = YES;
				CLANG_WARN_INFINITE_RECURSION = YES;
				CLANG_WARN_SUSPICIOUS_MOVE = YES;
				DEBUG_INFORMATION_FORMAT = dwarf;
				ENABLE_TESTABILITY = YES;
				GCC_NO_COMMON_BLOCKS = YES;
				INFOPLIST_FILE = "LaundryApp-tvOSTests/Info.plist";
				LD_RUNPATH_SEARCH_PATHS = "$(inherited) @executable_path/Frameworks @loader_path/Frameworks";
				OTHER_LDFLAGS = (
					"$(inherited)",
					"-ObjC",
					"-lc++",
				);
				PRODUCT_BUNDLE_IDENTIFIER = "com.facebook.REACT.LaundryApp-tvOSTests";
				PRODUCT_NAME = "$(TARGET_NAME)";
				SDKROOT = appletvos;
				TEST_HOST = "$(BUILT_PRODUCTS_DIR)/LaundryApp-tvOS.app/LaundryApp-tvOS";
				TVOS_DEPLOYMENT_TARGET = 10.1;
			};
			name = Debug;
		};
		2D02E49A1E0B4A5E006451C7 /* Release */ = {
			isa = XCBuildConfiguration;
			buildSettings = {
				BUNDLE_LOADER = "$(TEST_HOST)";
				CLANG_ANALYZER_NONNULL = YES;
				CLANG_WARN_DOCUMENTATION_COMMENTS = YES;
				CLANG_WARN_INFINITE_RECURSION = YES;
				CLANG_WARN_SUSPICIOUS_MOVE = YES;
				COPY_PHASE_STRIP = NO;
				DEBUG_INFORMATION_FORMAT = "dwarf-with-dsym";
				GCC_NO_COMMON_BLOCKS = YES;
				INFOPLIST_FILE = "LaundryApp-tvOSTests/Info.plist";
				LD_RUNPATH_SEARCH_PATHS = "$(inherited) @executable_path/Frameworks @loader_path/Frameworks";
				OTHER_LDFLAGS = (
					"$(inherited)",
					"-ObjC",
					"-lc++",
				);
				PRODUCT_BUNDLE_IDENTIFIER = "com.facebook.REACT.LaundryApp-tvOSTests";
				PRODUCT_NAME = "$(TARGET_NAME)";
				SDKROOT = appletvos;
				TEST_HOST = "$(BUILT_PRODUCTS_DIR)/LaundryApp-tvOS.app/LaundryApp-tvOS";
				TVOS_DEPLOYMENT_TARGET = 10.1;
			};
			name = Release;
		};
		83CBBA201A601CBA00E9B192 /* Debug */ = {
			isa = XCBuildConfiguration;
			buildSettings = {
				ALWAYS_SEARCH_USER_PATHS = NO;
				CLANG_CXX_LANGUAGE_STANDARD = "gnu++0x";
				CLANG_CXX_LIBRARY = "libc++";
				CLANG_ENABLE_MODULES = YES;
				CLANG_ENABLE_OBJC_ARC = YES;
				CLANG_WARN_BLOCK_CAPTURE_AUTORELEASING = YES;
				CLANG_WARN_BOOL_CONVERSION = YES;
				CLANG_WARN_COMMA = YES;
				CLANG_WARN_CONSTANT_CONVERSION = YES;
				CLANG_WARN_DEPRECATED_OBJC_IMPLEMENTATIONS = YES;
				CLANG_WARN_DIRECT_OBJC_ISA_USAGE = YES_ERROR;
				CLANG_WARN_EMPTY_BODY = YES;
				CLANG_WARN_ENUM_CONVERSION = YES;
				CLANG_WARN_INFINITE_RECURSION = YES;
				CLANG_WARN_INT_CONVERSION = YES;
				CLANG_WARN_NON_LITERAL_NULL_CONVERSION = YES;
				CLANG_WARN_OBJC_IMPLICIT_RETAIN_SELF = YES;
				CLANG_WARN_OBJC_LITERAL_CONVERSION = YES;
				CLANG_WARN_OBJC_ROOT_CLASS = YES_ERROR;
				CLANG_WARN_RANGE_LOOP_ANALYSIS = YES;
				CLANG_WARN_STRICT_PROTOTYPES = YES;
				CLANG_WARN_SUSPICIOUS_MOVE = YES;
				CLANG_WARN_UNREACHABLE_CODE = YES;
				CLANG_WARN__DUPLICATE_METHOD_MATCH = YES;
				"CODE_SIGN_IDENTITY[sdk=iphoneos*]" = "iPhone Developer";
				COPY_PHASE_STRIP = NO;
				ENABLE_STRICT_OBJC_MSGSEND = YES;
				ENABLE_TESTABILITY = YES;
				GCC_C_LANGUAGE_STANDARD = gnu99;
				GCC_DYNAMIC_NO_PIC = NO;
				GCC_NO_COMMON_BLOCKS = YES;
				GCC_OPTIMIZATION_LEVEL = 0;
				GCC_PREPROCESSOR_DEFINITIONS = (
					"DEBUG=1",
					"$(inherited)",
				);
				GCC_SYMBOLS_PRIVATE_EXTERN = NO;
				GCC_WARN_64_TO_32_BIT_CONVERSION = YES;
				GCC_WARN_ABOUT_RETURN_TYPE = YES_ERROR;
				GCC_WARN_UNDECLARED_SELECTOR = YES;
				GCC_WARN_UNINITIALIZED_AUTOS = YES_AGGRESSIVE;
				GCC_WARN_UNUSED_FUNCTION = YES;
				GCC_WARN_UNUSED_VARIABLE = YES;
				IPHONEOS_DEPLOYMENT_TARGET = 9.0;
				MTL_ENABLE_DEBUG_INFO = YES;
				ONLY_ACTIVE_ARCH = YES;
				SDKROOT = iphoneos;
			};
			name = Debug;
		};
		83CBBA211A601CBA00E9B192 /* Release */ = {
			isa = XCBuildConfiguration;
			buildSettings = {
				ALWAYS_SEARCH_USER_PATHS = NO;
				CLANG_CXX_LANGUAGE_STANDARD = "gnu++0x";
				CLANG_CXX_LIBRARY = "libc++";
				CLANG_ENABLE_MODULES = YES;
				CLANG_ENABLE_OBJC_ARC = YES;
				CLANG_WARN_BLOCK_CAPTURE_AUTORELEASING = YES;
				CLANG_WARN_BOOL_CONVERSION = YES;
				CLANG_WARN_COMMA = YES;
				CLANG_WARN_CONSTANT_CONVERSION = YES;
				CLANG_WARN_DEPRECATED_OBJC_IMPLEMENTATIONS = YES;
				CLANG_WARN_DIRECT_OBJC_ISA_USAGE = YES_ERROR;
				CLANG_WARN_EMPTY_BODY = YES;
				CLANG_WARN_ENUM_CONVERSION = YES;
				CLANG_WARN_INFINITE_RECURSION = YES;
				CLANG_WARN_INT_CONVERSION = YES;
				CLANG_WARN_NON_LITERAL_NULL_CONVERSION = YES;
				CLANG_WARN_OBJC_IMPLICIT_RETAIN_SELF = YES;
				CLANG_WARN_OBJC_LITERAL_CONVERSION = YES;
				CLANG_WARN_OBJC_ROOT_CLASS = YES_ERROR;
				CLANG_WARN_RANGE_LOOP_ANALYSIS = YES;
				CLANG_WARN_STRICT_PROTOTYPES = YES;
				CLANG_WARN_SUSPICIOUS_MOVE = YES;
				CLANG_WARN_UNREACHABLE_CODE = YES;
				CLANG_WARN__DUPLICATE_METHOD_MATCH = YES;
				"CODE_SIGN_IDENTITY[sdk=iphoneos*]" = "iPhone Developer";
				COPY_PHASE_STRIP = YES;
				ENABLE_NS_ASSERTIONS = NO;
				ENABLE_STRICT_OBJC_MSGSEND = YES;
				GCC_C_LANGUAGE_STANDARD = gnu99;
				GCC_NO_COMMON_BLOCKS = YES;
				GCC_WARN_64_TO_32_BIT_CONVERSION = YES;
				GCC_WARN_ABOUT_RETURN_TYPE = YES_ERROR;
				GCC_WARN_UNDECLARED_SELECTOR = YES;
				GCC_WARN_UNINITIALIZED_AUTOS = YES_AGGRESSIVE;
				GCC_WARN_UNUSED_FUNCTION = YES;
				GCC_WARN_UNUSED_VARIABLE = YES;
				IPHONEOS_DEPLOYMENT_TARGET = 9.0;
				MTL_ENABLE_DEBUG_INFO = NO;
				SDKROOT = iphoneos;
				VALIDATE_PRODUCT = YES;
			};
			name = Release;
		};
/* End XCBuildConfiguration section */

/* Begin XCConfigurationList section */
		00E357021AD99517003FC87E /* Build configuration list for PBXNativeTarget "LaundryAppTests" */ = {
			isa = XCConfigurationList;
			buildConfigurations = (
				00E356F61AD99517003FC87E /* Debug */,
				00E356F71AD99517003FC87E /* Release */,
			);
			defaultConfigurationIsVisible = 0;
			defaultConfigurationName = Release;
		};
		13B07F931A680F5B00A75B9A /* Build configuration list for PBXNativeTarget "LaundryApp" */ = {
			isa = XCConfigurationList;
			buildConfigurations = (
				13B07F941A680F5B00A75B9A /* Debug */,
				13B07F951A680F5B00A75B9A /* Release */,
			);
			defaultConfigurationIsVisible = 0;
			defaultConfigurationName = Release;
		};
		2D02E4BA1E0B4A5E006451C7 /* Build configuration list for PBXNativeTarget "LaundryApp-tvOS" */ = {
			isa = XCConfigurationList;
			buildConfigurations = (
				2D02E4971E0B4A5E006451C7 /* Debug */,
				2D02E4981E0B4A5E006451C7 /* Release */,
			);
			defaultConfigurationIsVisible = 0;
			defaultConfigurationName = Release;
		};
		2D02E4BB1E0B4A5E006451C7 /* Build configuration list for PBXNativeTarget "LaundryApp-tvOSTests" */ = {
			isa = XCConfigurationList;
			buildConfigurations = (
				2D02E4991E0B4A5E006451C7 /* Debug */,
				2D02E49A1E0B4A5E006451C7 /* Release */,
			);
			defaultConfigurationIsVisible = 0;
			defaultConfigurationName = Release;
		};
		83CBB9FA1A601CBA00E9B192 /* Build configuration list for PBXProject "LaundryApp" */ = {
			isa = XCConfigurationList;
			buildConfigurations = (
				83CBBA201A601CBA00E9B192 /* Debug */,
				83CBBA211A601CBA00E9B192 /* Release */,
			);
			defaultConfigurationIsVisible = 0;
			defaultConfigurationName = Release;
		};
/* End XCConfigurationList section */
	};
	rootObject = 83CBB9F71A601CBA00E9B192 /* Project object */;
}
